
Microsoft Visual Studio Solution File, Format Version 12.00
# Visual Studio Version 17
VisualStudioVersion = 17.8.34330.188
MinimumVisualStudioVersion = 10.0.40219.1
Project("{8BC9CEB8-8B4A-11D0-8D11-00A0C91BC942}") = "ADS_2023_CA2_A_S_App", "ADS_2023_CA2_A_S_App\ADS_2023_CA2_A_S_App.vcxproj", "{BAD355B3-0105-4847-B8FF-EF0F28848D13}"
EndProject
Project("{8BC9CEB8-8B4A-11D0-8D11-00A0C91BC942}") = "ADS_2023_CA2_A_S_Tests", "ADS_2023_CA2_A_S_Tests\ADS_2023_CA2_A_S_Tests.vcxproj", "{2FFEA8A6-808C-4E68-988C-AD25A3F52D79}"
EndProject
Global
	GlobalSection(SolutionConfigurationPlatforms) = preSolution
		Debug|x64 = Debug|x64
		Debug|x86 = Debug|x86
		Release|x64 = Release|x64
		Release|x86 = Release|x86
	EndGlobalSection
	GlobalSection(ProjectConfigurationPlatforms) = postSolution
		{BAD355B3-0105-4847-B8FF-EF0F28848D13}.Debug|x64.ActiveCfg = Debug|x64
		{BAD355B3-0105-4847-B8FF-EF0F28848D13}.Debug|x64.Build.0 = Debug|x64
		{BAD355B3-0105-4847-B8FF-EF0F28848D13}.Debug|x86.ActiveCfg = Debug|Win32
		{BAD355B3-0105-4847-B8FF-EF0F28848D13}.Debug|x86.Build.0 = Debug|Win32
		{BAD355B3-0105-4847-B8FF-EF0F28848D13}.Release|x64.ActiveCfg = Release|x64
		{BAD355B3-0105-4847-B8FF-EF0F28848D13}.Release|x64.Build.0 = Release|x64
		{BAD355B3-0105-4847-B8FF-EF0F28848D13}.Release|x86.ActiveCfg = Release|Win32
		{BAD355B3-0105-4847-B8FF-EF0F28848D13}.Release|x86.Build.0 = Release|Win32
		{2FFEA8A6-808C-4E68-988C-AD25A3F52D79}.Debug|x64.ActiveCfg = Debug|x64
		{2FFEA8A6-808C-4E68-988C-AD25A3F52D79}.Debug|x64.Build.0 = Debug|x64
		{2FFEA8A6-808C-4E68-988C-AD25A3F52D79}.Debug|x86.ActiveCfg = Debug|Win32
		{2FFEA8A6-808C-4E68-988C-AD25A3F52D79}.Debug|x86.Build.0 = Debug|Win32
		{2FFEA8A6-808C-4E68-988C-AD25A3F52D79}.Release|x64.ActiveCfg = Release|x64
		{2FFEA8A6-808C-4E68-988C-AD25A3F52D79}.Release|x64.Build.0 = Release|x64
		{2FFEA8A6-808C-4E68-988C-AD25A3F52D79}.Release|x86.ActiveCfg = Release|Win32
		{2FFEA8A6-808C-4E68-988C-AD25A3F52D79}.Release|x86.Build.0 = Release|Win32
	EndGlobalSection
	GlobalSection(SolutionProperties) = preSolution
		HideSolutionNode = FALSE
	EndGlobalSection
	GlobalSection(ExtensibilityGlobals) = postSolution
		SolutionGuid = {18A8664E-1E08-4809-B89D-45C9C2956721}
	EndGlobalSection
EndGlobal
